{
  "name": "node_1",
  "version": "1.0.0",
  "lockfileVersion": 3,
  "requires": true,
  "packages": {
    "": {
      "name": "node_1",
      "version": "1.0.0",
      "license": "ISC",
      "dependencies": {
        "@avto_nariashvili/reverse_polish_notation": "^1.0.0"
      }
    },
    "node_modules/@avto_nariashvili/reverse_polish_notation": {
      "version": "1.0.0",
      "resolved": "https://registry.npmjs.org/@avto_nariashvili/reverse_polish_notation/-/reverse_polish_notation-1.0.0.tgz",
      "integrity": "sha512-pAWNyq6kaopALMOiQSEcEqf5bf25oDwURIUObNmKzGmHm2eQ41bwKxdM7oI5kCi9W56UW50xaM0cpG5wfCsIyQ=="
    }
  }
}
