{
  "name": "node_1",
  "version": "1.0.0",
  "lockfileVersion": 3,
  "requires": true,
  "packages": {
    "": {
      "name": "node_1",
      "version": "1.0.0",
      "license": "ISC",
      "dependencies": {
        "@avto_nariashvili/reverse_polish_notation": "^2.0.0"
      }
    },
    "node_modules/@avto_nariashvili/reverse_polish_notation": {
      "version": "2.0.0",
      "resolved": "https://registry.npmjs.org/@avto_nariashvili/reverse_polish_notation/-/reverse_polish_notation-2.0.0.tgz",
      "integrity": "sha512-/uJ2be94JTetjAAWQahYtdXBs3g0HHIEsKxhV6x7/arMQQ17L1kOxERTTmc61iktAW+ARbmxScBxrXtpB1jqAA=="
    }
  }
}
